
Microsoft Visual Studio Solution File, Format Version 12.00
# Visual Studio Version 17
VisualStudioVersion = 17.5.33627.172
MinimumVisualStudioVersion = 10.0.40219.1
Project("{9A19103F-16F7-4668-BE54-9A1E7A4F7556}") = "SearchBox", "SearchBox\SearchBox.csproj", "{DF570FEA-2D5E-4B82-9B42-7EE72C9A5F2A}"
EndProject
Project("{FAE04EC0-301F-11D3-BF4B-00C04F79EFBC}") = "SearchBoxConsoleApp", "SearchBoxConsoleApp\SearchBoxConsoleApp.csproj", "{D96884B3-06C0-4197-B760-735B85BD91A9}"
EndProject
Global
	GlobalSection(SolutionConfigurationPlatforms) = preSolution
		Debug|Any CPU = Debug|Any CPU
		Release|Any CPU = Release|Any CPU
	EndGlobalSection
	GlobalSection(ProjectConfigurationPlatforms) = postSolution
		{DF570FEA-2D5E-4B82-9B42-7EE72C9A5F2A}.Debug|Any CPU.ActiveCfg = Debug|Any CPU
		{DF570FEA-2D5E-4B82-9B42-7EE72C9A5F2A}.Debug|Any CPU.Build.0 = Debug|Any CPU
		{DF570FEA-2D5E-4B82-9B42-7EE72C9A5F2A}.Release|Any CPU.ActiveCfg = Release|Any CPU
		{DF570FEA-2D5E-4B82-9B42-7EE72C9A5F2A}.Release|Any CPU.Build.0 = Release|Any CPU
		{D96884B3-06C0-4197-B760-735B85BD91A9}.Debug|Any CPU.ActiveCfg = Debug|Any CPU
		{D96884B3-06C0-4197-B760-735B85BD91A9}.Debug|Any CPU.Build.0 = Debug|Any CPU
		{D96884B3-06C0-4197-B760-735B85BD91A9}.Release|Any CPU.ActiveCfg = Release|Any CPU
		{D96884B3-06C0-4197-B760-735B85BD91A9}.Release|Any CPU.Build.0 = Release|Any CPU
	EndGlobalSection
	GlobalSection(SolutionProperties) = preSolution
		HideSolutionNode = FALSE
	EndGlobalSection
	GlobalSection(ExtensibilityGlobals) = postSolution
		SolutionGuid = {DE936B17-AB42-4897-94DC-1D7161F9AA5A}
	EndGlobalSection
EndGlobal
